
Microsoft Visual Studio Solution File, Format Version 12.00
Project("{FAE04EC0-301F-11D3-BF4B-00C04F79EFBC}") = "Day01", "Day01\Day01.csproj", "{A78382BA-90E6-4965-AF5A-D8819FC696F6}"
EndProject
Project("{FAE04EC0-301F-11D3-BF4B-00C04F79EFBC}") = "Day02", "Day02\Day02.csproj", "{A28F8E15-6135-4D1B-A94F-191F09BF66EE}"
EndProject
Project("{FAE04EC0-301F-11D3-BF4B-00C04F79EFBC}") = "Day03", "Day03\Day03.csproj", "{901B53D0-392D-4706-8711-A94D5752625B}"
EndProject
Project("{FAE04EC0-301F-11D3-BF4B-00C04F79EFBC}") = "Day04", "Day04\Day04.csproj", "{9C417160-AA3D-4821-8F7B-3FB77673C595}"
EndProject
Project("{FAE04EC0-301F-11D3-BF4B-00C04F79EFBC}") = "Day05", "Day05\Day05.csproj", "{3DE02FD1-786D-432A-AD67-05520EBC8989}"
EndProject
Project("{FAE04EC0-301F-11D3-BF4B-00C04F79EFBC}") = "Day06", "Day06\Day06.csproj", "{89EC7339-BA96-4CDE-9ED1-6FCAA2A1876C}"
EndProject
Project("{FAE04EC0-301F-11D3-BF4B-00C04F79EFBC}") = "Day07", "Day07\Day07.csproj", "{9A965803-97E8-4C6D-AD57-BF96D40F21AF}"
EndProject
Project("{FAE04EC0-301F-11D3-BF4B-00C04F79EFBC}") = "Day09", "Day09\Day09.csproj", "{4FD68439-7F32-4B4F-91BF-A3EFF54801C5}"
EndProject
Project("{FAE04EC0-301F-11D3-BF4B-00C04F79EFBC}") = "Day08", "Day08\Day08.csproj", "{488A87A0-99C8-4458-9CB4-ED30FB6CE572}"
EndProject
Project("{FAE04EC0-301F-11D3-BF4B-00C04F79EFBC}") = "Day10", "Day10\Day10.csproj", "{C1518923-CBDB-4527-973E-60342337D61D}"
EndProject
Project("{FAE04EC0-301F-11D3-BF4B-00C04F79EFBC}") = "Day11", "Day11\Day11.csproj", "{FDFFA4C0-7928-489A-A085-44EA7DD4F347}"
EndProject
Global
	GlobalSection(SolutionConfigurationPlatforms) = preSolution
		Debug|Any CPU = Debug|Any CPU
		Release|Any CPU = Release|Any CPU
	EndGlobalSection
	GlobalSection(ProjectConfigurationPlatforms) = postSolution
		{A78382BA-90E6-4965-AF5A-D8819FC696F6}.Debug|Any CPU.ActiveCfg = Debug|Any CPU
		{A78382BA-90E6-4965-AF5A-D8819FC696F6}.Debug|Any CPU.Build.0 = Debug|Any CPU
		{A78382BA-90E6-4965-AF5A-D8819FC696F6}.Release|Any CPU.ActiveCfg = Release|Any CPU
		{A78382BA-90E6-4965-AF5A-D8819FC696F6}.Release|Any CPU.Build.0 = Release|Any CPU
		{A28F8E15-6135-4D1B-A94F-191F09BF66EE}.Debug|Any CPU.ActiveCfg = Debug|Any CPU
		{A28F8E15-6135-4D1B-A94F-191F09BF66EE}.Debug|Any CPU.Build.0 = Debug|Any CPU
		{A28F8E15-6135-4D1B-A94F-191F09BF66EE}.Release|Any CPU.ActiveCfg = Release|Any CPU
		{A28F8E15-6135-4D1B-A94F-191F09BF66EE}.Release|Any CPU.Build.0 = Release|Any CPU
		{901B53D0-392D-4706-8711-A94D5752625B}.Debug|Any CPU.ActiveCfg = Debug|Any CPU
		{901B53D0-392D-4706-8711-A94D5752625B}.Debug|Any CPU.Build.0 = Debug|Any CPU
		{901B53D0-392D-4706-8711-A94D5752625B}.Release|Any CPU.ActiveCfg = Release|Any CPU
		{901B53D0-392D-4706-8711-A94D5752625B}.Release|Any CPU.Build.0 = Release|Any CPU
		{9C417160-AA3D-4821-8F7B-3FB77673C595}.Debug|Any CPU.ActiveCfg = Debug|Any CPU
		{9C417160-AA3D-4821-8F7B-3FB77673C595}.Debug|Any CPU.Build.0 = Debug|Any CPU
		{9C417160-AA3D-4821-8F7B-3FB77673C595}.Release|Any CPU.ActiveCfg = Release|Any CPU
		{9C417160-AA3D-4821-8F7B-3FB77673C595}.Release|Any CPU.Build.0 = Release|Any CPU
		{3DE02FD1-786D-432A-AD67-05520EBC8989}.Debug|Any CPU.ActiveCfg = Debug|Any CPU
		{3DE02FD1-786D-432A-AD67-05520EBC8989}.Debug|Any CPU.Build.0 = Debug|Any CPU
		{3DE02FD1-786D-432A-AD67-05520EBC8989}.Release|Any CPU.ActiveCfg = Release|Any CPU
		{3DE02FD1-786D-432A-AD67-05520EBC8989}.Release|Any CPU.Build.0 = Release|Any CPU
		{89EC7339-BA96-4CDE-9ED1-6FCAA2A1876C}.Debug|Any CPU.ActiveCfg = Debug|Any CPU
		{89EC7339-BA96-4CDE-9ED1-6FCAA2A1876C}.Debug|Any CPU.Build.0 = Debug|Any CPU
		{89EC7339-BA96-4CDE-9ED1-6FCAA2A1876C}.Release|Any CPU.ActiveCfg = Release|Any CPU
		{89EC7339-BA96-4CDE-9ED1-6FCAA2A1876C}.Release|Any CPU.Build.0 = Release|Any CPU
		{9A965803-97E8-4C6D-AD57-BF96D40F21AF}.Debug|Any CPU.ActiveCfg = Debug|Any CPU
		{9A965803-97E8-4C6D-AD57-BF96D40F21AF}.Debug|Any CPU.Build.0 = Debug|Any CPU
		{9A965803-97E8-4C6D-AD57-BF96D40F21AF}.Release|Any CPU.ActiveCfg = Release|Any CPU
		{9A965803-97E8-4C6D-AD57-BF96D40F21AF}.Release|Any CPU.Build.0 = Release|Any CPU
		{4FD68439-7F32-4B4F-91BF-A3EFF54801C5}.Debug|Any CPU.ActiveCfg = Debug|Any CPU
		{4FD68439-7F32-4B4F-91BF-A3EFF54801C5}.Debug|Any CPU.Build.0 = Debug|Any CPU
		{4FD68439-7F32-4B4F-91BF-A3EFF54801C5}.Release|Any CPU.ActiveCfg = Release|Any CPU
		{4FD68439-7F32-4B4F-91BF-A3EFF54801C5}.Release|Any CPU.Build.0 = Release|Any CPU
		{488A87A0-99C8-4458-9CB4-ED30FB6CE572}.Debug|Any CPU.ActiveCfg = Debug|Any CPU
		{488A87A0-99C8-4458-9CB4-ED30FB6CE572}.Debug|Any CPU.Build.0 = Debug|Any CPU
		{488A87A0-99C8-4458-9CB4-ED30FB6CE572}.Release|Any CPU.ActiveCfg = Release|Any CPU
		{488A87A0-99C8-4458-9CB4-ED30FB6CE572}.Release|Any CPU.Build.0 = Release|Any CPU
		{C1518923-CBDB-4527-973E-60342337D61D}.Debug|Any CPU.ActiveCfg = Debug|Any CPU
		{C1518923-CBDB-4527-973E-60342337D61D}.Debug|Any CPU.Build.0 = Debug|Any CPU
		{C1518923-CBDB-4527-973E-60342337D61D}.Release|Any CPU.ActiveCfg = Release|Any CPU
		{C1518923-CBDB-4527-973E-60342337D61D}.Release|Any CPU.Build.0 = Release|Any CPU
		{FDFFA4C0-7928-489A-A085-44EA7DD4F347}.Debug|Any CPU.ActiveCfg = Debug|Any CPU
		{FDFFA4C0-7928-489A-A085-44EA7DD4F347}.Debug|Any CPU.Build.0 = Debug|Any CPU
		{FDFFA4C0-7928-489A-A085-44EA7DD4F347}.Release|Any CPU.ActiveCfg = Release|Any CPU
		{FDFFA4C0-7928-489A-A085-44EA7DD4F347}.Release|Any CPU.Build.0 = Release|Any CPU
	EndGlobalSection
EndGlobal
